
Microsoft Visual Studio Solution File, Format Version 12.00
# Visual Studio 15
VisualStudioVersion = 15.0.28307.421
MinimumVisualStudioVersion = 10.0.40219.1
Project("{9A19103F-16F7-4668-BE54-9A1E7A4F7556}") = "UnderstandingLambda", "UnderstandingLambda\UnderstandingLambda.csproj", "{AC7C7C52-EEB1-49BF-891B-B454C502FBDF}"
EndProject
Global
	GlobalSection(SolutionConfigurationPlatforms) = preSolution
		Debug|Any CPU = Debug|Any CPU
		Release|Any CPU = Release|Any CPU
	EndGlobalSection
	GlobalSection(ProjectConfigurationPlatforms) = postSolution
		{AC7C7C52-EEB1-49BF-891B-B454C502FBDF}.Debug|Any CPU.ActiveCfg = Debug|Any CPU
		{AC7C7C52-EEB1-49BF-891B-B454C502FBDF}.Debug|Any CPU.Build.0 = Debug|Any CPU
		{AC7C7C52-EEB1-49BF-891B-B454C502FBDF}.Release|Any CPU.ActiveCfg = Release|Any CPU
		{AC7C7C52-EEB1-49BF-891B-B454C502FBDF}.Release|Any CPU.Build.0 = Release|Any CPU
	EndGlobalSection
	GlobalSection(SolutionProperties) = preSolution
		HideSolutionNode = FALSE
	EndGlobalSection
	GlobalSection(ExtensibilityGlobals) = postSolution
		SolutionGuid = {CF6F89DC-0A31-4805-97FB-A1E457C49B10}
	EndGlobalSection
EndGlobal
