
Microsoft Visual Studio Solution File, Format Version 12.00
# Visual Studio 15
VisualStudioVersion = 15.0.28307.421
MinimumVisualStudioVersion = 10.0.40219.1
Project("{FAE04EC0-301F-11D3-BF4B-00C04F79EFBC}") = "ProfessionalRESTServices", "ProfessionalRESTServices\ProfessionalRESTServices.csproj", "{C314136F-8D92-4B29-9CBD-112867F1ACA5}"
EndProject
Project("{2150E333-8FDC-42A3-9474-1A3956D46DE8}") = "Solution Items", "Solution Items", "{B364BDA0-3A76-4973-BFE8-04D84E128A5A}"
	ProjectSection(SolutionItems) = preProject
		README.md = README.md
	EndProjectSection
EndProject
Project("{FAE04EC0-301F-11D3-BF4B-00C04F79EFBC}") = "ProfessionalRESTServices.Tests", "ProfessionalRESTServices.Tests\ProfessionalRESTServices.Tests.csproj", "{6F7EEA3E-34D0-4DB4-B063-3DFA7DB990F4}"
EndProject
Global
	GlobalSection(SolutionConfigurationPlatforms) = preSolution
		Debug|Any CPU = Debug|Any CPU
		Release|Any CPU = Release|Any CPU
	EndGlobalSection
	GlobalSection(ProjectConfigurationPlatforms) = postSolution
		{C314136F-8D92-4B29-9CBD-112867F1ACA5}.Debug|Any CPU.ActiveCfg = Debug|Any CPU
		{C314136F-8D92-4B29-9CBD-112867F1ACA5}.Debug|Any CPU.Build.0 = Debug|Any CPU
		{C314136F-8D92-4B29-9CBD-112867F1ACA5}.Release|Any CPU.ActiveCfg = Release|Any CPU
		{C314136F-8D92-4B29-9CBD-112867F1ACA5}.Release|Any CPU.Build.0 = Release|Any CPU
		{6F7EEA3E-34D0-4DB4-B063-3DFA7DB990F4}.Debug|Any CPU.ActiveCfg = Debug|Any CPU
		{6F7EEA3E-34D0-4DB4-B063-3DFA7DB990F4}.Debug|Any CPU.Build.0 = Debug|Any CPU
		{6F7EEA3E-34D0-4DB4-B063-3DFA7DB990F4}.Release|Any CPU.ActiveCfg = Release|Any CPU
		{6F7EEA3E-34D0-4DB4-B063-3DFA7DB990F4}.Release|Any CPU.Build.0 = Release|Any CPU
	EndGlobalSection
	GlobalSection(SolutionProperties) = preSolution
		HideSolutionNode = FALSE
	EndGlobalSection
	GlobalSection(ExtensibilityGlobals) = postSolution
		SolutionGuid = {9AD3A4AA-6CB0-46CA-BA46-0E64DC89D2BD}
	EndGlobalSection
EndGlobal
